
Microsoft Visual Studio Solution File, Format Version 12.00
# Visual Studio Version 17
VisualStudioVersion = 17.14.36616.10 d17.14
MinimumVisualStudioVersion = 10.0.40219.1
Project("{FAE04EC0-301F-11D3-BF4B-00C04F79EFBC}") = "ConsoleApp", "ConsoleApp\ConsoleApp.csproj", "{3B49EE9A-E939-48E4-9930-5B420A1374C3}"
EndProject
Project("{FAE04EC0-301F-11D3-BF4B-00C04F79EFBC}") = "DataTypes", "DataTypes\DataTypes.csproj", "{9E742659-9575-4E33-9CDD-138DC2EA29D5}"
EndProject
Project("{FAE04EC0-301F-11D3-BF4B-00C04F79EFBC}") = "GuessNumberApp", "GuessNumberApp\GuessNumberApp.csproj", "{ED7794EA-5BD5-441F-B222-8985515F817E}"
EndProject
Global
	GlobalSection(SolutionConfigurationPlatforms) = preSolution
		Debug|Any CPU = Debug|Any CPU
		Release|Any CPU = Release|Any CPU
	EndGlobalSection
	GlobalSection(ProjectConfigurationPlatforms) = postSolution
		{3B49EE9A-E939-48E4-9930-5B420A1374C3}.Debug|Any CPU.ActiveCfg = Debug|Any CPU
		{3B49EE9A-E939-48E4-9930-5B420A1374C3}.Debug|Any CPU.Build.0 = Debug|Any CPU
		{3B49EE9A-E939-48E4-9930-5B420A1374C3}.Release|Any CPU.ActiveCfg = Release|Any CPU
		{3B49EE9A-E939-48E4-9930-5B420A1374C3}.Release|Any CPU.Build.0 = Release|Any CPU
		{9E742659-9575-4E33-9CDD-138DC2EA29D5}.Debug|Any CPU.ActiveCfg = Debug|Any CPU
		{9E742659-9575-4E33-9CDD-138DC2EA29D5}.Debug|Any CPU.Build.0 = Debug|Any CPU
		{9E742659-9575-4E33-9CDD-138DC2EA29D5}.Release|Any CPU.ActiveCfg = Release|Any CPU
		{9E742659-9575-4E33-9CDD-138DC2EA29D5}.Release|Any CPU.Build.0 = Release|Any CPU
		{ED7794EA-5BD5-441F-B222-8985515F817E}.Debug|Any CPU.ActiveCfg = Debug|Any CPU
		{ED7794EA-5BD5-441F-B222-8985515F817E}.Debug|Any CPU.Build.0 = Debug|Any CPU
		{ED7794EA-5BD5-441F-B222-8985515F817E}.Release|Any CPU.ActiveCfg = Release|Any CPU
		{ED7794EA-5BD5-441F-B222-8985515F817E}.Release|Any CPU.Build.0 = Release|Any CPU
	EndGlobalSection
	GlobalSection(SolutionProperties) = preSolution
		HideSolutionNode = FALSE
	EndGlobalSection
	GlobalSection(ExtensibilityGlobals) = postSolution
		SolutionGuid = {BA83D6F1-60CD-47F2-BD39-F6B249A6D8E9}
	EndGlobalSection
EndGlobal
